{
  "name": "pdoctor",
  "version": "0.3.0",
  "lockfileVersion": 3,
  "requires": true,
  "packages": {
    "": {
      "name": "pdoctor",
      "version": "0.3.0",
      "license": "MIT",
      "bin": {
        "codex-plugin-doctor": "bin/pdoctor.js",
        "pdoctor": "bin/pdoctor.js"
      },
      "engines": {
        "node": ">=20"
      }
    }
  }
}
